
Microsoft Visual Studio Solution File, Format Version 12.00
# Visual Studio Version 17
VisualStudioVersion = 17.5.33516.290
MinimumVisualStudioVersion = 10.0.40219.1
Project("{FAE04EC0-301F-11D3-BF4B-00C04F79EFBC}") = "VotieAPI", "VotieAPI\VotieAPI.csproj", "{AA271F5E-4353-4904-833F-AFE545C3783F}"
EndProject
Global
	GlobalSection(SolutionConfigurationPlatforms) = preSolution
		Debug|Any CPU = Debug|Any CPU
		Release|Any CPU = Release|Any CPU
	EndGlobalSection
	GlobalSection(ProjectConfigurationPlatforms) = postSolution
		{AA271F5E-4353-4904-833F-AFE545C3783F}.Debug|Any CPU.ActiveCfg = Debug|Any CPU
		{AA271F5E-4353-4904-833F-AFE545C3783F}.Debug|Any CPU.Build.0 = Debug|Any CPU
		{AA271F5E-4353-4904-833F-AFE545C3783F}.Release|Any CPU.ActiveCfg = Release|Any CPU
		{AA271F5E-4353-4904-833F-AFE545C3783F}.Release|Any CPU.Build.0 = Release|Any CPU
	EndGlobalSection
	GlobalSection(SolutionProperties) = preSolution
		HideSolutionNode = FALSE
	EndGlobalSection
	GlobalSection(ExtensibilityGlobals) = postSolution
		SolutionGuid = {7D6F9986-3C4D-4D63-ACF7-B94C914B7232}
	EndGlobalSection
EndGlobal
